
Microsoft Visual Studio Solution File, Format Version 12.00
# Visual Studio Version 17
VisualStudioVersion = 17.12.35514.174
MinimumVisualStudioVersion = 10.0.40219.1
Project("{FAE04EC0-301F-11D3-BF4B-00C04F79EFBC}") = "DeviceCode.API", "DeviceCode.API\DeviceCode.API.csproj", "{B5444C50-89D0-49A3-B5C5-93500F9B141F}"
EndProject
Project("{FAE04EC0-301F-11D3-BF4B-00C04F79EFBC}") = "DeviceCode.Domain", "DeviceCode.Domain\DeviceCode.Domain.csproj", "{8B14B811-3386-4341-BA95-055810DECBB6}"
EndProject
Project("{FAE04EC0-301F-11D3-BF4B-00C04F79EFBC}") = "DeviceCode.Application", "DeviceCode.Application\DeviceCode.Application.csproj", "{FD9C94EB-41BB-4BD1-9A4A-366C4F889701}"
EndProject
Project("{FAE04EC0-301F-11D3-BF4B-00C04F79EFBC}") = "DeviceCode.Infrastructure", "DeviceCode.Infrastructure\DeviceCode.Infrastructure.csproj", "{A9B16962-050B-42D0-81FF-FBAE11A77ECE}"
EndProject
Project("{2150E333-8FDC-42A3-9474-1A3956D46DE8}") = "tests", "tests", "{C87ED87C-9CDC-4D23-8C2D-08F5913400F8}"
EndProject
Project("{FAE04EC0-301F-11D3-BF4B-00C04F79EFBC}") = "DeviceCode.Tests.Integration", "tests\DeviceCode.Tests.Integration\DeviceCode.Tests.Integration.csproj", "{F1AB1B84-E494-4FFE-8A88-F6D29880693C}"
EndProject
Project("{FAE04EC0-301F-11D3-BF4B-00C04F79EFBC}") = "DeviceCode.Tests.Unit", "tests\DeviceCode.Tests.Unit\DeviceCode.Tests.Unit.csproj", "{74A73C15-1049-4071-8D89-F59EC4A41971}"
EndProject
Project("{E53339B2-1760-4266-BCC7-CA923CBCF16C}") = "docker-compose", "docker-compose.dcproj", "{B490055D-14B3-460E-A481-38BF96512476}"
EndProject
Global
	GlobalSection(SolutionConfigurationPlatforms) = preSolution
		Debug|Any CPU = Debug|Any CPU
		Release|Any CPU = Release|Any CPU
	EndGlobalSection
	GlobalSection(ProjectConfigurationPlatforms) = postSolution
		{B5444C50-89D0-49A3-B5C5-93500F9B141F}.Debug|Any CPU.ActiveCfg = Debug|Any CPU
		{B5444C50-89D0-49A3-B5C5-93500F9B141F}.Debug|Any CPU.Build.0 = Debug|Any CPU
		{B5444C50-89D0-49A3-B5C5-93500F9B141F}.Release|Any CPU.ActiveCfg = Release|Any CPU
		{B5444C50-89D0-49A3-B5C5-93500F9B141F}.Release|Any CPU.Build.0 = Release|Any CPU
		{8B14B811-3386-4341-BA95-055810DECBB6}.Debug|Any CPU.ActiveCfg = Debug|Any CPU
		{8B14B811-3386-4341-BA95-055810DECBB6}.Debug|Any CPU.Build.0 = Debug|Any CPU
		{8B14B811-3386-4341-BA95-055810DECBB6}.Release|Any CPU.ActiveCfg = Release|Any CPU
		{8B14B811-3386-4341-BA95-055810DECBB6}.Release|Any CPU.Build.0 = Release|Any CPU
		{FD9C94EB-41BB-4BD1-9A4A-366C4F889701}.Debug|Any CPU.ActiveCfg = Debug|Any CPU
		{FD9C94EB-41BB-4BD1-9A4A-366C4F889701}.Debug|Any CPU.Build.0 = Debug|Any CPU
		{FD9C94EB-41BB-4BD1-9A4A-366C4F889701}.Release|Any CPU.ActiveCfg = Release|Any CPU
		{FD9C94EB-41BB-4BD1-9A4A-366C4F889701}.Release|Any CPU.Build.0 = Release|Any CPU
		{A9B16962-050B-42D0-81FF-FBAE11A77ECE}.Debug|Any CPU.ActiveCfg = Debug|Any CPU
		{A9B16962-050B-42D0-81FF-FBAE11A77ECE}.Debug|Any CPU.Build.0 = Debug|Any CPU
		{A9B16962-050B-42D0-81FF-FBAE11A77ECE}.Release|Any CPU.ActiveCfg = Release|Any CPU
		{A9B16962-050B-42D0-81FF-FBAE11A77ECE}.Release|Any CPU.Build.0 = Release|Any CPU
		{F1AB1B84-E494-4FFE-8A88-F6D29880693C}.Debug|Any CPU.ActiveCfg = Debug|Any CPU
		{F1AB1B84-E494-4FFE-8A88-F6D29880693C}.Debug|Any CPU.Build.0 = Debug|Any CPU
		{F1AB1B84-E494-4FFE-8A88-F6D29880693C}.Release|Any CPU.ActiveCfg = Release|Any CPU
		{F1AB1B84-E494-4FFE-8A88-F6D29880693C}.Release|Any CPU.Build.0 = Release|Any CPU
		{74A73C15-1049-4071-8D89-F59EC4A41971}.Debug|Any CPU.ActiveCfg = Debug|Any CPU
		{74A73C15-1049-4071-8D89-F59EC4A41971}.Debug|Any CPU.Build.0 = Debug|Any CPU
		{74A73C15-1049-4071-8D89-F59EC4A41971}.Release|Any CPU.ActiveCfg = Release|Any CPU
		{74A73C15-1049-4071-8D89-F59EC4A41971}.Release|Any CPU.Build.0 = Release|Any CPU
		{B490055D-14B3-460E-A481-38BF96512476}.Debug|Any CPU.ActiveCfg = Debug|Any CPU
		{B490055D-14B3-460E-A481-38BF96512476}.Debug|Any CPU.Build.0 = Debug|Any CPU
		{B490055D-14B3-460E-A481-38BF96512476}.Release|Any CPU.ActiveCfg = Release|Any CPU
		{B490055D-14B3-460E-A481-38BF96512476}.Release|Any CPU.Build.0 = Release|Any CPU
	EndGlobalSection
	GlobalSection(SolutionProperties) = preSolution
		HideSolutionNode = FALSE
	EndGlobalSection
	GlobalSection(NestedProjects) = preSolution
		{F1AB1B84-E494-4FFE-8A88-F6D29880693C} = {C87ED87C-9CDC-4D23-8C2D-08F5913400F8}
		{74A73C15-1049-4071-8D89-F59EC4A41971} = {C87ED87C-9CDC-4D23-8C2D-08F5913400F8}
	EndGlobalSection
EndGlobal
